
Microsoft Visual Studio Solution File, Format Version 12.00
# Visual Studio 14
VisualStudioVersion = 14.0.24720.0
MinimumVisualStudioVersion = 10.0.40219.1
Project("{FAE04EC0-301F-11D3-BF4B-00C04F79EFBC}") = "WcfServiceDemo", "WcfServiceDemo\WcfServiceDemo.csproj", "{CFD1051D-7A6D-45F3-A8BD-89AC6D8B0309}"
EndProject
Global
	GlobalSection(SolutionConfigurationPlatforms) = preSolution
		Debug|Any CPU = Debug|Any CPU
		Release|Any CPU = Release|Any CPU
	EndGlobalSection
	GlobalSection(ProjectConfigurationPlatforms) = postSolution
		{CFD1051D-7A6D-45F3-A8BD-89AC6D8B0309}.Debug|Any CPU.ActiveCfg = Debug|Any CPU
		{CFD1051D-7A6D-45F3-A8BD-89AC6D8B0309}.Debug|Any CPU.Build.0 = Debug|Any CPU
		{CFD1051D-7A6D-45F3-A8BD-89AC6D8B0309}.Release|Any CPU.ActiveCfg = Release|Any CPU
		{CFD1051D-7A6D-45F3-A8BD-89AC6D8B0309}.Release|Any CPU.Build.0 = Release|Any CPU
	EndGlobalSection
	GlobalSection(SolutionProperties) = preSolution
		HideSolutionNode = FALSE
	EndGlobalSection
EndGlobal
